// !$*UTF8*$!
{
	archiveVersion = 1;
	classes = {
	};
	objectVersion = 46;
	objects = {

/* Begin PBXBuildFile section */
		98601B0817FA8B35001FF139 /* bg.png in Resources */ = {isa = PBXBuildFile; fileRef = 98601B0617FA8B35001FF139 /* bg.png */; };
		98601B0917FA8B35001FF139 /* bg@2x.png in Resources */ = {isa = PBXBuildFile; fileRef = 98601B0717FA8B35001FF139 /* bg@2x.png */; };
		98601B6117FAB03F001FF139 /* ScreenShot.m in Sources */ = {isa = PBXBuildFile; fileRef = 98601B5F17FAB03F001FF139 /* ScreenShot.m */; };
		98601B6217FAB03F001FF139 /* ScreenShot.xib in Resources */ = {isa = PBXBuildFile; fileRef = 98601B6017FAB03F001FF139 /* ScreenShot.xib */; };
		98601B6617FAB0D8001FF139 /* Setting.m in Sources */ = {isa = PBXBuildFile; fileRef = 98601B6417FAB0D8001FF139 /* Setting.m */; };
		98601B6717FAB0D8001FF139 /* Setting.xib in Resources */ = {isa = PBXBuildFile; fileRef = 98601B6517FAB0D8001FF139 /* Setting.xib */; };
		98601B7717FAB268001FF139 /* camera.png in Resources */ = {isa = PBXBuildFile; fileRef = 98601B6917FAB268001FF139 /* camera.png */; };
		98601B7817FAB268001FF139 /* camera@2x.png in Resources */ = {isa = PBXBuildFile; fileRef = 98601B6A17FAB268001FF139 /* camera@2x.png */; };
		98601B7917FAB268001FF139 /* cameraSelect.png in Resources */ = {isa = PBXBuildFile; fileRef = 98601B6B17FAB268001FF139 /* cameraSelect.png */; };
		98601B7A17FAB268001FF139 /* cameraSelect@2x.png in Resources */ = {isa = PBXBuildFile; fileRef = 98601B6C17FAB268001FF139 /* cameraSelect@2x.png */; };
		98601B7B17FAB268001FF139 /* set.png in Resources */ = {isa = PBXBuildFile; fileRef = 98601B6D17FAB268001FF139 /* set.png */; };
		98601B7C17FAB268001FF139 /* set@2x.png in Resources */ = {isa = PBXBuildFile; fileRef = 98601B6E17FAB268001FF139 /* set@2x.png */; };
		98601B7D17FAB268001FF139 /* setSelect.png in Resources */ = {isa = PBXBuildFile; fileRef = 98601B6F17FAB268001FF139 /* setSelect.png */; };
		98601B7E17FAB268001FF139 /* setSelect@2x.png in Resources */ = {isa = PBXBuildFile; fileRef = 98601B7017FAB268001FF139 /* setSelect@2x.png */; };
		98601B7F17FAB268001FF139 /* tabBar.png in Resources */ = {isa = PBXBuildFile; fileRef = 98601B7117FAB268001FF139 /* tabBar.png */; };
		98601B8017FAB268001FF139 /* tabBar@2x.png in Resources */ = {isa = PBXBuildFile; fileRef = 98601B7217FAB268001FF139 /* tabBar@2x.png */; };
		98601B8117FAB268001FF139 /* video.png in Resources */ = {isa = PBXBuildFile; fileRef = 98601B7317FAB268001FF139 /* video.png */; };
		98601B8217FAB268001FF139 /* video@2x.png in Resources */ = {isa = PBXBuildFile; fileRef = 98601B7417FAB268001FF139 /* video@2x.png */; };
		98601B8317FAB268001FF139 /* videoSelect.png in Resources */ = {isa = PBXBuildFile; fileRef = 98601B7517FAB268001FF139 /* videoSelect.png */; };
		98601B8417FAB268001FF139 /* videoSelect@2x.png in Resources */ = {isa = PBXBuildFile; fileRef = 98601B7617FAB268001FF139 /* videoSelect@2x.png */; };
		98601B8817FAB516001FF139 /* RealTimePlay.m in Sources */ = {isa = PBXBuildFile; fileRef = 98601B8617FAB515001FF139 /* RealTimePlay.m */; };
		98601B8917FAB516001FF139 /* RealTimePlay.xib in Resources */ = {isa = PBXBuildFile; fileRef = 98601B8717FAB516001FF139 /* RealTimePlay.xib */; };
		98C7489E17B08C0500F8D133 /* UIKit.framework in Frameworks */ = {isa = PBXBuildFile; fileRef = 98C7489D17B08C0500F8D133 /* UIKit.framework */; };
		98C748A017B08C0500F8D133 /* Foundation.framework in Frameworks */ = {isa = PBXBuildFile; fileRef = 98C7489F17B08C0500F8D133 /* Foundation.framework */; };
		98C748A217B08C0500F8D133 /* CoreGraphics.framework in Frameworks */ = {isa = PBXBuildFile; fileRef = 98C748A117B08C0500F8D133 /* CoreGraphics.framework */; };
		98C748A417B08C0500F8D133 /* CoreData.framework in Frameworks */ = {isa = PBXBuildFile; fileRef = 98C748A317B08C0500F8D133 /* CoreData.framework */; };
		98C748AA17B08C0500F8D133 /* InfoPlist.strings in Resources */ = {isa = PBXBuildFile; fileRef = 98C748A817B08C0500F8D133 /* InfoPlist.strings */; };
		98C748AC17B08C0500F8D133 /* main.m in Sources */ = {isa = PBXBuildFile; fileRef = 98C748AB17B08C0500F8D133 /* main.m */; };
		98C748B017B08C0500F8D133 /* AppDelegate.m in Sources */ = {isa = PBXBuildFile; fileRef = 98C748AF17B08C0500F8D133 /* AppDelegate.m */; };
		98C748B217B08C0500F8D133 /* Default.png in Resources */ = {isa = PBXBuildFile; fileRef = 98C748B117B08C0500F8D133 /* Default.png */; };
		98C748B417B08C0500F8D133 /* Default@2x.png in Resources */ = {isa = PBXBuildFile; fileRef = 98C748B317B08C0500F8D133 /* Default@2x.png */; };
		98C748B617B08C0500F8D133 /* Default-568h@2x.png in Resources */ = {isa = PBXBuildFile; fileRef = 98C748B517B08C0500F8D133 /* Default-568h@2x.png */; };
		98C748B917B08C0500F8D133 /* GuardCam.xcdatamodeld in Sources */ = {isa = PBXBuildFile; fileRef = 98C748B717B08C0500F8D133 /* GuardCam.xcdatamodeld */; };
		98C748C417B08D9100F8D133 /* GuideViewController.m in Sources */ = {isa = PBXBuildFile; fileRef = 98C748C317B08D9100F8D133 /* GuideViewController.m */; };
		98D1B1C317B0903600B492BD /* 1.png in Resources */ = {isa = PBXBuildFile; fileRef = 98D1B1B317B0903600B492BD /* 1.png */; };
		98D1B1C417B0903600B492BD /* 1@2x.png in Resources */ = {isa = PBXBuildFile; fileRef = 98D1B1B417B0903600B492BD /* 1@2x.png */; };
		98D1B1C517B0903600B492BD /* 2.png in Resources */ = {isa = PBXBuildFile; fileRef = 98D1B1B517B0903600B492BD /* 2.png */; };
		98D1B1C617B0903600B492BD /* 2@2x.png in Resources */ = {isa = PBXBuildFile; fileRef = 98D1B1B617B0903600B492BD /* 2@2x.png */; };
		98D1B1C717B0903600B492BD /* 3.png in Resources */ = {isa = PBXBuildFile; fileRef = 98D1B1B717B0903600B492BD /* 3.png */; };
		98D1B1C817B0903600B492BD /* 3@2x.png in Resources */ = {isa = PBXBuildFile; fileRef = 98D1B1B817B0903600B492BD /* 3@2x.png */; };
		98D1B1C917B0903600B492BD /* 4.png in Resources */ = {isa = PBXBuildFile; fileRef = 98D1B1B917B0903600B492BD /* 4.png */; };
		98D1B1CA17B0903600B492BD /* 4@2x.png in Resources */ = {isa = PBXBuildFile; fileRef = 98D1B1BA17B0903600B492BD /* 4@2x.png */; };
		98D1B1CB17B0903600B492BD /* btn_nor.png in Resources */ = {isa = PBXBuildFile; fileRef = 98D1B1BB17B0903600B492BD /* btn_nor.png */; };
		98D1B1CC17B0903600B492BD /* btn_nor@2x.png in Resources */ = {isa = PBXBuildFile; fileRef = 98D1B1BC17B0903600B492BD /* btn_nor@2x.png */; };
		98D1B1CD17B0903600B492BD /* btn_press.png in Resources */ = {isa = PBXBuildFile; fileRef = 98D1B1BD17B0903600B492BD /* btn_press.png */; };
		98D1B1CE17B0903600B492BD /* btn_press@2x.png in Resources */ = {isa = PBXBuildFile; fileRef = 98D1B1BE17B0903600B492BD /* btn_press@2x.png */; };
		98D1B1CF17B0903600B492BD /* checkBox_blankCheck.png in Resources */ = {isa = PBXBuildFile; fileRef = 98D1B1BF17B0903600B492BD /* checkBox_blankCheck.png */; };
		98D1B1D017B0903600B492BD /* checkBox_blankCheck@2x.png in Resources */ = {isa = PBXBuildFile; fileRef = 98D1B1C017B0903600B492BD /* checkBox_blankCheck@2x.png */; };
		98D1B1D117B0903600B492BD /* checkBox_selectCheck.png in Resources */ = {isa = PBXBuildFile; fileRef = 98D1B1C117B0903600B492BD /* checkBox_selectCheck.png */; };
		98D1B1D217B0903600B492BD /* checkBox_selectCheck@2x.png in Resources */ = {isa = PBXBuildFile; fileRef = 98D1B1C217B0903600B492BD /* checkBox_selectCheck@2x.png */; };
		98D1B1D617B0908400B492BD /* LoginViewController.m in Sources */ = {isa = PBXBuildFile; fileRef = 98D1B1D417B0908400B492BD /* LoginViewController.m */; };
		98D1B1D717B0908400B492BD /* LoginViewController.xib in Resources */ = {isa = PBXBuildFile; fileRef = 98D1B1D517B0908400B492BD /* LoginViewController.xib */; };
/* End PBXBuildFile section */

/* Begin PBXFileReference section */
		98601B0617FA8B35001FF139 /* bg.png */ = {isa = PBXFileReference; lastKnownFileType = image.png; name = bg.png; path = Images/bg.png; sourceTree = "<group>"; };
		98601B0717FA8B35001FF139 /* bg@2x.png */ = {isa = PBXFileReference; lastKnownFileType = image.png; name = "bg@2x.png"; path = "Images/bg@2x.png"; sourceTree = "<group>"; };
		98601B5E17FAB03F001FF139 /* ScreenShot.h */ = {isa = PBXFileReference; fileEncoding = 4; lastKnownFileType = sourcecode.c.h; name = ScreenShot.h; path = Classes/TabBar/ScreenShot.h; sourceTree = "<group>"; };
		98601B5F17FAB03F001FF139 /* ScreenShot.m */ = {isa = PBXFileReference; fileEncoding = 4; lastKnownFileType = sourcecode.c.objc; name = ScreenShot.m; path = Classes/TabBar/ScreenShot.m; sourceTree = "<group>"; };
		98601B6017FAB03F001FF139 /* ScreenShot.xib */ = {isa = PBXFileReference; fileEncoding = 4; lastKnownFileType = file.xib; name = ScreenShot.xib; path = Classes/TabBar/ScreenShot.xib; sourceTree = "<group>"; };
		98601B6317FAB0D8001FF139 /* Setting.h */ = {isa = PBXFileReference; fileEncoding = 4; lastKnownFileType = sourcecode.c.h; name = Setting.h; path = Classes/TabBar/Setting.h; sourceTree = "<group>"; };
		98601B6417FAB0D8001FF139 /* Setting.m */ = {isa = PBXFileReference; fileEncoding = 4; lastKnownFileType = sourcecode.c.objc; name = Setting.m; path = Classes/TabBar/Setting.m; sourceTree = "<group>"; };
		98601B6517FAB0D8001FF139 /* Setting.xib */ = {isa = PBXFileReference; fileEncoding = 4; lastKnownFileType = file.xib; name = Setting.xib; path = Classes/TabBar/Setting.xib; sourceTree = "<group>"; };
		98601B6917FAB268001FF139 /* camera.png */ = {isa = PBXFileReference; lastKnownFileType = image.png; path = camera.png; sourceTree = "<group>"; };
		98601B6A17FAB268001FF139 /* camera@2x.png */ = {isa = PBXFileReference; lastKnownFileType = image.png; path = "camera@2x.png"; sourceTree = "<group>"; };
		98601B6B17FAB268001FF139 /* cameraSelect.png */ = {isa = PBXFileReference; lastKnownFileType = image.png; path = cameraSelect.png; sourceTree = "<group>"; };
		98601B6C17FAB268001FF139 /* cameraSelect@2x.png */ = {isa = PBXFileReference; lastKnownFileType = image.png; path = "cameraSelect@2x.png"; sourceTree = "<group>"; };
		98601B6D17FAB268001FF139 /* set.png */ = {isa = PBXFileReference; lastKnownFileType = image.png; path = set.png; sourceTree = "<group>"; };
		98601B6E17FAB268001FF139 /* set@2x.png */ = {isa = PBXFileReference; lastKnownFileType = image.png; path = "set@2x.png"; sourceTree = "<group>"; };
		98601B6F17FAB268001FF139 /* setSelect.png */ = {isa = PBXFileReference; lastKnownFileType = image.png; path = setSelect.png; sourceTree = "<group>"; };
		98601B7017FAB268001FF139 /* setSelect@2x.png */ = {isa = PBXFileReference; lastKnownFileType = image.png; path = "setSelect@2x.png"; sourceTree = "<group>"; };
		98601B7117FAB268001FF139 /* tabBar.png */ = {isa = PBXFileReference; lastKnownFileType = image.png; path = tabBar.png; sourceTree = "<group>"; };
		98601B7217FAB268001FF139 /* tabBar@2x.png */ = {isa = PBXFileReference; lastKnownFileType = image.png; path = "tabBar@2x.png"; sourceTree = "<group>"; };
		98601B7317FAB268001FF139 /* video.png */ = {isa = PBXFileReference; lastKnownFileType = image.png; path = video.png; sourceTree = "<group>"; };
		98601B7417FAB268001FF139 /* video@2x.png */ = {isa = PBXFileReference; lastKnownFileType = image.png; path = "video@2x.png"; sourceTree = "<group>"; };
		98601B7517FAB268001FF139 /* videoSelect.png */ = {isa = PBXFileReference; lastKnownFileType = image.png; path = videoSelect.png; sourceTree = "<group>"; };
		98601B7617FAB268001FF139 /* videoSelect@2x.png */ = {isa = PBXFileReference; lastKnownFileType = image.png; path = "videoSelect@2x.png"; sourceTree = "<group>"; };
		98601B8517FAB515001FF139 /* RealTimePlay.h */ = {isa = PBXFileReference; fileEncoding = 4; lastKnownFileType = sourcecode.c.h; name = RealTimePlay.h; path = Classes/TabBar/RealTimePlay.h; sourceTree = "<group>"; };
		98601B8617FAB515001FF139 /* RealTimePlay.m */ = {isa = PBXFileReference; fileEncoding = 4; lastKnownFileType = sourcecode.c.objc; name = RealTimePlay.m; path = Classes/TabBar/RealTimePlay.m; sourceTree = "<group>"; };
		98601B8717FAB516001FF139 /* RealTimePlay.xib */ = {isa = PBXFileReference; fileEncoding = 4; lastKnownFileType = file.xib; name = RealTimePlay.xib; path = Classes/TabBar/RealTimePlay.xib; sourceTree = "<group>"; };
		98C7489A17B08C0500F8D133 /* GuardCam.app */ = {isa = PBXFileReference; explicitFileType = wrapper.application; includeInIndex = 0; path = GuardCam.app; sourceTree = BUILT_PRODUCTS_DIR; };
		98C7489D17B08C0500F8D133 /* UIKit.framework */ = {isa = PBXFileReference; lastKnownFileType = wrapper.framework; name = UIKit.framework; path = System/Library/Frameworks/UIKit.framework; sourceTree = SDKROOT; };
		98C7489F17B08C0500F8D133 /* Foundation.framework */ = {isa = PBXFileReference; lastKnownFileType = wrapper.framework; name = Foundation.framework; path = System/Library/Frameworks/Foundation.framework; sourceTree = SDKROOT; };
		98C748A117B08C0500F8D133 /* CoreGraphics.framework */ = {isa = PBXFileReference; lastKnownFileType = wrapper.framework; name = CoreGraphics.framework; path = System/Library/Frameworks/CoreGraphics.framework; sourceTree = SDKROOT; };
		98C748A317B08C0500F8D133 /* CoreData.framework */ = {isa = PBXFileReference; lastKnownFileType = wrapper.framework; name = CoreData.framework; path = System/Library/Frameworks/CoreData.framework; sourceTree = SDKROOT; };
		98C748A717B08C0500F8D133 /* GuardCam-Info.plist */ = {isa = PBXFileReference; lastKnownFileType = text.plist.xml; path = "GuardCam-Info.plist"; sourceTree = "<group>"; };
		98C748A917B08C0500F8D133 /* en */ = {isa = PBXFileReference; lastKnownFileType = text.plist.strings; name = en; path = en.lproj/InfoPlist.strings; sourceTree = "<group>"; };
		98C748AB17B08C0500F8D133 /* main.m */ = {isa = PBXFileReference; lastKnownFileType = sourcecode.c.objc; path = main.m; sourceTree = "<group>"; };
		98C748AD17B08C0500F8D133 /* GuardCam-Prefix.pch */ = {isa = PBXFileReference; lastKnownFileType = sourcecode.c.h; path = "GuardCam-Prefix.pch"; sourceTree = "<group>"; };
		98C748AE17B08C0500F8D133 /* AppDelegate.h */ = {isa = PBXFileReference; lastKnownFileType = sourcecode.c.h; path = AppDelegate.h; sourceTree = "<group>"; };
		98C748AF17B08C0500F8D133 /* AppDelegate.m */ = {isa = PBXFileReference; lastKnownFileType = sourcecode.c.objc; path = AppDelegate.m; sourceTree = "<group>"; };
		98C748B117B08C0500F8D133 /* Default.png */ = {isa = PBXFileReference; lastKnownFileType = image.png; path = Default.png; sourceTree = "<group>"; };
		98C748B317B08C0500F8D133 /* Default@2x.png */ = {isa = PBXFileReference; lastKnownFileType = image.png; path = "Default@2x.png"; sourceTree = "<group>"; };
		98C748B517B08C0500F8D133 /* Default-568h@2x.png */ = {isa = PBXFileReference; lastKnownFileType = image.png; path = "Default-568h@2x.png"; sourceTree = "<group>"; };
		98C748B817B08C0500F8D133 /* GuardCam.xcdatamodel */ = {isa = PBXFileReference; lastKnownFileType = wrapper.xcdatamodel; path = GuardCam.xcdatamodel; sourceTree = "<group>"; };
		98C748C217B08D9100F8D133 /* GuideViewController.h */ = {isa = PBXFileReference; fileEncoding = 4; lastKnownFileType = sourcecode.c.h; name = GuideViewController.h; path = Classes/MainView/GuideViewController.h; sourceTree = "<group>"; };
		98C748C317B08D9100F8D133 /* GuideViewController.m */ = {isa = PBXFileReference; fileEncoding = 4; lastKnownFileType = sourcecode.c.objc; name = GuideViewController.m; path = Classes/MainView/GuideViewController.m; sourceTree = "<group>"; };
		98D1B1B317B0903600B492BD /* 1.png */ = {isa = PBXFileReference; lastKnownFileType = image.png; name = 1.png; path = Images/Launch/1.png; sourceTree = "<group>"; };
		98D1B1B417B0903600B492BD /* 1@2x.png */ = {isa = PBXFileReference; lastKnownFileType = image.png; name = "1@2x.png"; path = "Images/Launch/1@2x.png"; sourceTree = "<group>"; };
		98D1B1B517B0903600B492BD /* 2.png */ = {isa = PBXFileReference; lastKnownFileType = image.png; name = 2.png; path = Images/Launch/2.png; sourceTree = "<group>"; };
		98D1B1B617B0903600B492BD /* 2@2x.png */ = {isa = PBXFileReference; lastKnownFileType = image.png; name = "2@2x.png"; path = "Images/Launch/2@2x.png"; sourceTree = "<group>"; };
		98D1B1B717B0903600B492BD /* 3.png */ = {isa = PBXFileReference; lastKnownFileType = image.png; name = 3.png; path = Images/Launch/3.png; sourceTree = "<group>"; };
		98D1B1B817B0903600B492BD /* 3@2x.png */ = {isa = PBXFileReference; lastKnownFileType = image.png; name = "3@2x.png"; path = "Images/Launch/3@2x.png"; sourceTree = "<group>"; };
		98D1B1B917B0903600B492BD /* 4.png */ = {isa = PBXFileReference; lastKnownFileType = image.png; name = 4.png; path = Images/Launch/4.png; sourceTree = "<group>"; };
		98D1B1BA17B0903600B492BD /* 4@2x.png */ = {isa = PBXFileReference; lastKnownFileType = image.png; name = "4@2x.png"; path = "Images/Launch/4@2x.png"; sourceTree = "<group>"; };
		98D1B1BB17B0903600B492BD /* btn_nor.png */ = {isa = PBXFileReference; lastKnownFileType = image.png; name = btn_nor.png; path = Images/Launch/btn_nor.png; sourceTree = "<group>"; };
		98D1B1BC17B0903600B492BD /* btn_nor@2x.png */ = {isa = PBXFileReference; lastKnownFileType = image.png; name = "btn_nor@2x.png"; path = "Images/Launch/btn_nor@2x.png"; sourceTree = "<group>"; };
		98D1B1BD17B0903600B492BD /* btn_press.png */ = {isa = PBXFileReference; lastKnownFileType = image.png; name = btn_press.png; path = Images/Launch/btn_press.png; sourceTree = "<group>"; };
		98D1B1BE17B0903600B492BD /* btn_press@2x.png */ = {isa = PBXFileReference; lastKnownFileType = image.png; name = "btn_press@2x.png"; path = "Images/Launch/btn_press@2x.png"; sourceTree = "<group>"; };
		98D1B1BF17B0903600B492BD /* checkBox_blankCheck.png */ = {isa = PBXFileReference; lastKnownFileType = image.png; name = checkBox_blankCheck.png; path = Images/Launch/checkBox_blankCheck.png; sourceTree = "<group>"; };
		98D1B1C017B0903600B492BD /* checkBox_blankCheck@2x.png */ = {isa = PBXFileReference; lastKnownFileType = image.png; name = "checkBox_blankCheck@2x.png"; path = "Images/Launch/checkBox_blankCheck@2x.png"; sourceTree = "<group>"; };
		98D1B1C117B0903600B492BD /* checkBox_selectCheck.png */ = {isa = PBXFileReference; lastKnownFileType = image.png; name = checkBox_selectCheck.png; path = Images/Launch/checkBox_selectCheck.png; sourceTree = "<group>"; };
		98D1B1C217B0903600B492BD /* checkBox_selectCheck@2x.png */ = {isa = PBXFileReference; lastKnownFileType = image.png; name = "checkBox_selectCheck@2x.png"; path = "Images/Launch/checkBox_selectCheck@2x.png"; sourceTree = "<group>"; };
		98D1B1D317B0908400B492BD /* LoginViewController.h */ = {isa = PBXFileReference; fileEncoding = 4; lastKnownFileType = sourcecode.c.h; name = LoginViewController.h; path = Classes/MainView/LoginViewController.h; sourceTree = "<group>"; };
		98D1B1D417B0908400B492BD /* LoginViewController.m */ = {isa = PBXFileReference; fileEncoding = 4; lastKnownFileType = sourcecode.c.objc; name = LoginViewController.m; path = Classes/MainView/LoginViewController.m; sourceTree = "<group>"; };
		98D1B1D517B0908400B492BD /* LoginViewController.xib */ = {isa = PBXFileReference; fileEncoding = 4; lastKnownFileType = file.xib; name = LoginViewController.xib; path = Classes/MainView/LoginViewController.xib; sourceTree = "<group>"; };
/* End PBXFileReference section */

/* Begin PBXFrameworksBuildPhase section */
		98C7489717B08C0500F8D133 /* Frameworks */ = {
			isa = PBXFrameworksBuildPhase;
			buildActionMask = 2147483647;
			files = (
				98C7489E17B08C0500F8D133 /* UIKit.framework in Frameworks */,
				98C748A017B08C0500F8D133 /* Foundation.framework in Frameworks */,
				98C748A217B08C0500F8D133 /* CoreGraphics.framework in Frameworks */,
				98C748A417B08C0500F8D133 /* CoreData.framework in Frameworks */,
			);
			runOnlyForDeploymentPostprocessing = 0;
		};
/* End PBXFrameworksBuildPhase section */

/* Begin PBXGroup section */
		98601B6817FAB268001FF139 /* TabBar */ = {
			isa = PBXGroup;
			children = (
				98601B6917FAB268001FF139 /* camera.png */,
				98601B6A17FAB268001FF139 /* camera@2x.png */,
				98601B6B17FAB268001FF139 /* cameraSelect.png */,
				98601B6C17FAB268001FF139 /* cameraSelect@2x.png */,
				98601B6D17FAB268001FF139 /* set.png */,
				98601B6E17FAB268001FF139 /* set@2x.png */,
				98601B6F17FAB268001FF139 /* setSelect.png */,
				98601B7017FAB268001FF139 /* setSelect@2x.png */,
				98601B7117FAB268001FF139 /* tabBar.png */,
				98601B7217FAB268001FF139 /* tabBar@2x.png */,
				98601B7317FAB268001FF139 /* video.png */,
				98601B7417FAB268001FF139 /* video@2x.png */,
				98601B7517FAB268001FF139 /* videoSelect.png */,
				98601B7617FAB268001FF139 /* videoSelect@2x.png */,
			);
			name = TabBar;
			path = Images/TabBar;
			sourceTree = "<group>";
		};
		98C7489117B08C0500F8D133 = {
			isa = PBXGroup;
			children = (
				98C748A517B08C0500F8D133 /* GuardCam */,
				98C7489C17B08C0500F8D133 /* Frameworks */,
				98C7489B17B08C0500F8D133 /* Products */,
			);
			sourceTree = "<group>";
		};
		98C7489B17B08C0500F8D133 /* Products */ = {
			isa = PBXGroup;
			children = (
				98C7489A17B08C0500F8D133 /* GuardCam.app */,
			);
			name = Products;
			sourceTree = "<group>";
		};
		98C7489C17B08C0500F8D133 /* Frameworks */ = {
			isa = PBXGroup;
			children = (
				98C7489D17B08C0500F8D133 /* UIKit.framework */,
				98C7489F17B08C0500F8D133 /* Foundation.framework */,
				98C748A117B08C0500F8D133 /* CoreGraphics.framework */,
				98C748A317B08C0500F8D133 /* CoreData.framework */,
			);
			name = Frameworks;
			sourceTree = "<group>";
		};
		98C748A517B08C0500F8D133 /* GuardCam */ = {
			isa = PBXGroup;
			children = (
				98D1B1B117B08FDA00B492BD /* Images */,
				98C748C017B08D3500F8D133 /* Classes */,
				98C748AE17B08C0500F8D133 /* AppDelegate.h */,
				98C748AF17B08C0500F8D133 /* AppDelegate.m */,
				98C748B717B08C0500F8D133 /* GuardCam.xcdatamodeld */,
				98C748A617B08C0500F8D133 /* Supporting Files */,
			);
			path = GuardCam;
			sourceTree = "<group>";
		};
		98C748A617B08C0500F8D133 /* Supporting Files */ = {
			isa = PBXGroup;
			children = (
				98C748A717B08C0500F8D133 /* GuardCam-Info.plist */,
				98C748A817B08C0500F8D133 /* InfoPlist.strings */,
				98C748AB17B08C0500F8D133 /* main.m */,
				98C748AD17B08C0500F8D133 /* GuardCam-Prefix.pch */,
				98C748B117B08C0500F8D133 /* Default.png */,
				98C748B317B08C0500F8D133 /* Default@2x.png */,
				98C748B517B08C0500F8D133 /* Default-568h@2x.png */,
			);
			name = "Supporting Files";
			sourceTree = "<group>";
		};
		98C748BF17B08D2B00F8D133 /* MainView */ = {
			isa = PBXGroup;
			children = (
				98C748C217B08D9100F8D133 /* GuideViewController.h */,
				98C748C317B08D9100F8D133 /* GuideViewController.m */,
				98D1B1D317B0908400B492BD /* LoginViewController.h */,
				98D1B1D417B0908400B492BD /* LoginViewController.m */,
				98D1B1D517B0908400B492BD /* LoginViewController.xib */,
			);
			name = MainView;
			sourceTree = "<group>";
		};
		98C748C017B08D3500F8D133 /* Classes */ = {
			isa = PBXGroup;
			children = (
				98C748C117B08D5C00F8D133 /* TabBar */,
				98C748BF17B08D2B00F8D133 /* MainView */,
			);
			name = Classes;
			sourceTree = "<group>";
		};
		98C748C117B08D5C00F8D133 /* TabBar */ = {
			isa = PBXGroup;
			children = (
				98601B5E17FAB03F001FF139 /* ScreenShot.h */,
				98601B5F17FAB03F001FF139 /* ScreenShot.m */,
				98601B6017FAB03F001FF139 /* ScreenShot.xib */,
				98601B6317FAB0D8001FF139 /* Setting.h */,
				98601B6417FAB0D8001FF139 /* Setting.m */,
				98601B6517FAB0D8001FF139 /* Setting.xib */,
				98601B8517FAB515001FF139 /* RealTimePlay.h */,
				98601B8617FAB515001FF139 /* RealTimePlay.m */,
				98601B8717FAB516001FF139 /* RealTimePlay.xib */,
			);
			name = TabBar;
			sourceTree = "<group>";
		};
		98D1B1B117B08FDA00B492BD /* Images */ = {
			isa = PBXGroup;
			children = (
				98601B6817FAB268001FF139 /* TabBar */,
				98601B0617FA8B35001FF139 /* bg.png */,
				98601B0717FA8B35001FF139 /* bg@2x.png */,
				98D1B1B217B08FE200B492BD /* Launnch */,
			);
			name = Images;
			sourceTree = "<group>";
		};
		98D1B1B217B08FE200B492BD /* Launnch */ = {
			isa = PBXGroup;
			children = (
				98D1B1B317B0903600B492BD /* 1.png */,
				98D1B1B417B0903600B492BD /* 1@2x.png */,
				98D1B1B517B0903600B492BD /* 2.png */,
				98D1B1B617B0903600B492BD /* 2@2x.png */,
				98D1B1B717B0903600B492BD /* 3.png */,
				98D1B1B817B0903600B492BD /* 3@2x.png */,
				98D1B1B917B0903600B492BD /* 4.png */,
				98D1B1BA17B0903600B492BD /* 4@2x.png */,
				98D1B1BB17B0903600B492BD /* btn_nor.png */,
				98D1B1BC17B0903600B492BD /* btn_nor@2x.png */,
				98D1B1BD17B0903600B492BD /* btn_press.png */,
				98D1B1BE17B0903600B492BD /* btn_press@2x.png */,
				98D1B1BF17B0903600B492BD /* checkBox_blankCheck.png */,
				98D1B1C017B0903600B492BD /* checkBox_blankCheck@2x.png */,
				98D1B1C117B0903600B492BD /* checkBox_selectCheck.png */,
				98D1B1C217B0903600B492BD /* checkBox_selectCheck@2x.png */,
			);
			name = Launnch;
			sourceTree = "<group>";
		};
/* End PBXGroup section */

/* Begin PBXNativeTarget section */
		98C7489917B08C0500F8D133 /* GuardCam */ = {
			isa = PBXNativeTarget;
			buildConfigurationList = 98C748BC17B08C0500F8D133 /* Build configuration list for PBXNativeTarget "GuardCam" */;
			buildPhases = (
				98C7489617B08C0500F8D133 /* Sources */,
				98C7489717B08C0500F8D133 /* Frameworks */,
				98C7489817B08C0500F8D133 /* Resources */,
			);
			buildRules = (
			);
			dependencies = (
			);
			name = GuardCam;
			productName = GuardCam;
			productReference = 98C7489A17B08C0500F8D133 /* GuardCam.app */;
			productType = "com.apple.product-type.application";
		};
/* End PBXNativeTarget section */

/* Begin PBXProject section */
		98C7489217B08C0500F8D133 /* Project object */ = {
			isa = PBXProject;
			attributes = {
				LastUpgradeCheck = 0460;
				ORGANIZATIONNAME = "zhou angel";
			};
			buildConfigurationList = 98C7489517B08C0500F8D133 /* Build configuration list for PBXProject "GuardCam" */;
			compatibilityVersion = "Xcode 3.2";
			developmentRegion = English;
			hasScannedForEncodings = 0;
			knownRegions = (
				en,
			);
			mainGroup = 98C7489117B08C0500F8D133;
			productRefGroup = 98C7489B17B08C0500F8D133 /* Products */;
			projectDirPath = "";
			projectRoot = "";
			targets = (
				98C7489917B08C0500F8D133 /* GuardCam */,
			);
		};
/* End PBXProject section */

/* Begin PBXResourcesBuildPhase section */
		98C7489817B08C0500F8D133 /* Resources */ = {
			isa = PBXResourcesBuildPhase;
			buildActionMask = 2147483647;
			files = (
				98C748AA17B08C0500F8D133 /* InfoPlist.strings in Resources */,
				98C748B217B08C0500F8D133 /* Default.png in Resources */,
				98C748B417B08C0500F8D133 /* Default@2x.png in Resources */,
				98C748B617B08C0500F8D133 /* Default-568h@2x.png in Resources */,
				98D1B1C317B0903600B492BD /* 1.png in Resources */,
				98D1B1C417B0903600B492BD /* 1@2x.png in Resources */,
				98D1B1C517B0903600B492BD /* 2.png in Resources */,
				98D1B1C617B0903600B492BD /* 2@2x.png in Resources */,
				98D1B1C717B0903600B492BD /* 3.png in Resources */,
				98D1B1C817B0903600B492BD /* 3@2x.png in Resources */,
				98D1B1C917B0903600B492BD /* 4.png in Resources */,
				98D1B1CA17B0903600B492BD /* 4@2x.png in Resources */,
				98D1B1CB17B0903600B492BD /* btn_nor.png in Resources */,
				98D1B1CC17B0903600B492BD /* btn_nor@2x.png in Resources */,
				98D1B1CD17B0903600B492BD /* btn_press.png in Resources */,
				98D1B1CE17B0903600B492BD /* btn_press@2x.png in Resources */,
				98D1B1CF17B0903600B492BD /* checkBox_blankCheck.png in Resources */,
				98D1B1D017B0903600B492BD /* checkBox_blankCheck@2x.png in Resources */,
				98D1B1D117B0903600B492BD /* checkBox_selectCheck.png in Resources */,
				98D1B1D217B0903600B492BD /* checkBox_selectCheck@2x.png in Resources */,
				98D1B1D717B0908400B492BD /* LoginViewController.xib in Resources */,
				98601B0817FA8B35001FF139 /* bg.png in Resources */,
				98601B0917FA8B35001FF139 /* bg@2x.png in Resources */,
				98601B6217FAB03F001FF139 /* ScreenShot.xib in Resources */,
				98601B6717FAB0D8001FF139 /* Setting.xib in Resources */,
				98601B7717FAB268001FF139 /* camera.png in Resources */,
				98601B7817FAB268001FF139 /* camera@2x.png in Resources */,
				98601B7917FAB268001FF139 /* cameraSelect.png in Resources */,
				98601B7A17FAB268001FF139 /* cameraSelect@2x.png in Resources */,
				98601B7B17FAB268001FF139 /* set.png in Resources */,
				98601B7C17FAB268001FF139 /* set@2x.png in Resources */,
				98601B7D17FAB268001FF139 /* setSelect.png in Resources */,
				98601B7E17FAB268001FF139 /* setSelect@2x.png in Resources */,
				98601B7F17FAB268001FF139 /* tabBar.png in Resources */,
				98601B8017FAB268001FF139 /* tabBar@2x.png in Resources */,
				98601B8117FAB268001FF139 /* video.png in Resources */,
				98601B8217FAB268001FF139 /* video@2x.png in Resources */,
				98601B8317FAB268001FF139 /* videoSelect.png in Resources */,
				98601B8417FAB268001FF139 /* videoSelect@2x.png in Resources */,
				98601B8917FAB516001FF139 /* RealTimePlay.xib in Resources */,
			);
			runOnlyForDeploymentPostprocessing = 0;
		};
/* End PBXResourcesBuildPhase section */

/* Begin PBXSourcesBuildPhase section */
		98C7489617B08C0500F8D133 /* Sources */ = {
			isa = PBXSourcesBuildPhase;
			buildActionMask = 2147483647;
			files = (
				98C748AC17B08C0500F8D133 /* main.m in Sources */,
				98C748B017B08C0500F8D133 /* AppDelegate.m in Sources */,
				98C748B917B08C0500F8D133 /* GuardCam.xcdatamodeld in Sources */,
				98C748C417B08D9100F8D133 /* GuideViewController.m in Sources */,
				98D1B1D617B0908400B492BD /* LoginViewController.m in Sources */,
				98601B6117FAB03F001FF139 /* ScreenShot.m in Sources */,
				98601B6617FAB0D8001FF139 /* Setting.m in Sources */,
				98601B8817FAB516001FF139 /* RealTimePlay.m in Sources */,
			);
			runOnlyForDeploymentPostprocessing = 0;
		};
/* End PBXSourcesBuildPhase section */

/* Begin PBXVariantGroup section */
		98C748A817B08C0500F8D133 /* InfoPlist.strings */ = {
			isa = PBXVariantGroup;
			children = (
				98C748A917B08C0500F8D133 /* en */,
			);
			name = InfoPlist.strings;
			sourceTree = "<group>";
		};
/* End PBXVariantGroup section */

/* Begin XCBuildConfiguration section */
		98C748BA17B08C0500F8D133 /* Debug */ = {
			isa = XCBuildConfiguration;
			buildSettings = {
				ALWAYS_SEARCH_USER_PATHS = NO;
				CLANG_CXX_LANGUAGE_STANDARD = "gnu++0x";
				CLANG_CXX_LIBRARY = "libc++";
				CLANG_ENABLE_OBJC_ARC = YES;
				CLANG_WARN_CONSTANT_CONVERSION = YES;
				CLANG_WARN_EMPTY_BODY = YES;
				CLANG_WARN_ENUM_CONVERSION = YES;
				CLANG_WARN_INT_CONVERSION = YES;
				CLANG_WARN__DUPLICATE_METHOD_MATCH = YES;
				"CODE_SIGN_IDENTITY[sdk=iphoneos*]" = "iPhone Developer";
				COPY_PHASE_STRIP = NO;
				GCC_C_LANGUAGE_STANDARD = gnu99;
				GCC_DYNAMIC_NO_PIC = NO;
				GCC_OPTIMIZATION_LEVEL = 0;
				GCC_PREPROCESSOR_DEFINITIONS = (
					"DEBUG=1",
					"$(inherited)",
				);
				GCC_SYMBOLS_PRIVATE_EXTERN = NO;
				GCC_WARN_ABOUT_RETURN_TYPE = YES;
				GCC_WARN_UNINITIALIZED_AUTOS = YES;
				GCC_WARN_UNUSED_VARIABLE = YES;
				IPHONEOS_DEPLOYMENT_TARGET = 6.1;
				ONLY_ACTIVE_ARCH = YES;
				SDKROOT = iphoneos;
			};
			name = Debug;
		};
		98C748BB17B08C0500F8D133 /* Release */ = {
			isa = XCBuildConfiguration;
			buildSettings = {
				ALWAYS_SEARCH_USER_PATHS = NO;
				CLANG_CXX_LANGUAGE_STANDARD = "gnu++0x";
				CLANG_CXX_LIBRARY = "libc++";
				CLANG_ENABLE_OBJC_ARC = YES;
				CLANG_WARN_CONSTANT_CONVERSION = YES;
				CLANG_WARN_EMPTY_BODY = YES;
				CLANG_WARN_ENUM_CONVERSION = YES;
				CLANG_WARN_INT_CONVERSION = YES;
				CLANG_WARN__DUPLICATE_METHOD_MATCH = YES;
				"CODE_SIGN_IDENTITY[sdk=iphoneos*]" = "iPhone Developer";
				COPY_PHASE_STRIP = YES;
				GCC_C_LANGUAGE_STANDARD = gnu99;
				GCC_WARN_ABOUT_RETURN_TYPE = YES;
				GCC_WARN_UNINITIALIZED_AUTOS = YES;
				GCC_WARN_UNUSED_VARIABLE = YES;
				IPHONEOS_DEPLOYMENT_TARGET = 6.1;
				OTHER_CFLAGS = "-DNS_BLOCK_ASSERTIONS=1";
				SDKROOT = iphoneos;
				VALIDATE_PRODUCT = YES;
			};
			name = Release;
		};
		98C748BD17B08C0500F8D133 /* Debug */ = {
			isa = XCBuildConfiguration;
			buildSettings = {
				GCC_PRECOMPILE_PREFIX_HEADER = YES;
				GCC_PREFIX_HEADER = "GuardCam/GuardCam-Prefix.pch";
				INFOPLIST_FILE = "GuardCam/GuardCam-Info.plist";
				PRODUCT_NAME = "$(TARGET_NAME)";
				WRAPPER_EXTENSION = app;
			};
			name = Debug;
		};
		98C748BE17B08C0500F8D133 /* Release */ = {
			isa = XCBuildConfiguration;
			buildSettings = {
				GCC_PRECOMPILE_PREFIX_HEADER = YES;
				GCC_PREFIX_HEADER = "GuardCam/GuardCam-Prefix.pch";
				INFOPLIST_FILE = "GuardCam/GuardCam-Info.plist";
				PRODUCT_NAME = "$(TARGET_NAME)";
				WRAPPER_EXTENSION = app;
			};
			name = Release;
		};
/* End XCBuildConfiguration section */

/* Begin XCConfigurationList section */
		98C7489517B08C0500F8D133 /* Build configuration list for PBXProject "GuardCam" */ = {
			isa = XCConfigurationList;
			buildConfigurations = (
				98C748BA17B08C0500F8D133 /* Debug */,
				98C748BB17B08C0500F8D133 /* Release */,
			);
			defaultConfigurationIsVisible = 0;
			defaultConfigurationName = Release;
		};
		98C748BC17B08C0500F8D133 /* Build configuration list for PBXNativeTarget "GuardCam" */ = {
			isa = XCConfigurationList;
			buildConfigurations = (
				98C748BD17B08C0500F8D133 /* Debug */,
				98C748BE17B08C0500F8D133 /* Release */,
			);
			defaultConfigurationIsVisible = 0;
			defaultConfigurationName = Release;
		};
/* End XCConfigurationList section */

/* Begin XCVersionGroup section */
		98C748B717B08C0500F8D133 /* GuardCam.xcdatamodeld */ = {
			isa = XCVersionGroup;
			children = (
				98C748B817B08C0500F8D133 /* GuardCam.xcdatamodel */,
			);
			currentVersion = 98C748B817B08C0500F8D133 /* GuardCam.xcdatamodel */;
			path = GuardCam.xcdatamodeld;
			sourceTree = "<group>";
			versionGroupType = wrapper.xcdatamodel;
		};
/* End XCVersionGroup section */
	};
	rootObject = 98C7489217B08C0500F8D133 /* Project object */;
}
